// !$*UTF8*$!
{
	archiveVersion = 1;
	classes = {
	};
	objectVersion = 56;
	objects = {

/* Begin PBXBuildFile section */
		4088B03D29F6789100F6E1A3 /* DemoApplication_MLApp.swift in Sources */ = {isa = PBXBuildFile; fileRef = 4088B03C29F6789100F6E1A3 /* DemoApplication_MLApp.swift */; };
		4088B03F29F6789100F6E1A3 /* ContentView.swift in Sources */ = {isa = PBXBuildFile; fileRef = 4088B03E29F6789100F6E1A3 /* ContentView.swift */; };
		4088B04129F6789500F6E1A3 /* Assets.xcassets in Resources */ = {isa = PBXBuildFile; fileRef = 4088B04029F6789500F6E1A3 /* Assets.xcassets */; };
		4088B04429F6789500F6E1A3 /* Preview Assets.xcassets in Resources */ = {isa = PBXBuildFile; fileRef = 4088B04329F6789500F6E1A3 /* Preview Assets.xcassets */; };
		4088B04E29F6789600F6E1A3 /* DemoApplication_MLTests.swift in Sources */ = {isa = PBXBuildFile; fileRef = 4088B04D29F6789600F6E1A3 /* DemoApplication_MLTests.swift */; };
		4088B05829F6789600F6E1A3 /* DemoApplication_MLUITests.swift in Sources */ = {isa = PBXBuildFile; fileRef = 4088B05729F6789600F6E1A3 /* DemoApplication_MLUITests.swift */; };
		4088B05A29F6789600F6E1A3 /* DemoApplication_MLUITestsLaunchTests.swift in Sources */ = {isa = PBXBuildFile; fileRef = 4088B05929F6789600F6E1A3 /* DemoApplication_MLUITestsLaunchTests.swift */; };
/* End PBXBuildFile section */

/* Begin PBXContainerItemProxy section */
		4088B04A29F6789600F6E1A3 /* PBXContainerItemProxy */ = {
			isa = PBXContainerItemProxy;
			containerPortal = 4088B03129F6789100F6E1A3 /* Project object */;
			proxyType = 1;
			remoteGlobalIDString = 4088B03829F6789100F6E1A3;
			remoteInfo = DemoApplication_ML;
		};
		4088B05429F6789600F6E1A3 /* PBXContainerItemProxy */ = {
			isa = PBXContainerItemProxy;
			containerPortal = 4088B03129F6789100F6E1A3 /* Project object */;
			proxyType = 1;
			remoteGlobalIDString = 4088B03829F6789100F6E1A3;
			remoteInfo = DemoApplication_ML;
		};
/* End PBXContainerItemProxy section */

/* Begin PBXFileReference section */
		4088B03929F6789100F6E1A3 /* DemoApplication_ML.app */ = {isa = PBXFileReference; explicitFileType = wrapper.application; includeInIndex = 0; path = DemoApplication_ML.app; sourceTree = BUILT_PRODUCTS_DIR; };
		4088B03C29F6789100F6E1A3 /* DemoApplication_MLApp.swift */ = {isa = PBXFileReference; lastKnownFileType = sourcecode.swift; path = DemoApplication_MLApp.swift; sourceTree = "<group>"; };
		4088B03E29F6789100F6E1A3 /* ContentView.swift */ = {isa = PBXFileReference; lastKnownFileType = sourcecode.swift; path = ContentView.swift; sourceTree = "<group>"; };
		4088B04029F6789500F6E1A3 /* Assets.xcassets */ = {isa = PBXFileReference; lastKnownFileType = folder.assetcatalog; path = Assets.xcassets; sourceTree = "<group>"; };
		4088B04329F6789500F6E1A3 /* Preview Assets.xcassets */ = {isa = PBXFileReference; lastKnownFileType = folder.assetcatalog; path = "Preview Assets.xcassets"; sourceTree = "<group>"; };
		4088B04929F6789600F6E1A3 /* DemoApplication_MLTests.xctest */ = {isa = PBXFileReference; explicitFileType = wrapper.cfbundle; includeInIndex = 0; path = DemoApplication_MLTests.xctest; sourceTree = BUILT_PRODUCTS_DIR; };
		4088B04D29F6789600F6E1A3 /* DemoApplication_MLTests.swift */ = {isa = PBXFileReference; lastKnownFileType = sourcecode.swift; path = DemoApplication_MLTests.swift; sourceTree = "<group>"; };
		4088B05329F6789600F6E1A3 /* DemoApplication_MLUITests.xctest */ = {isa = PBXFileReference; explicitFileType = wrapper.cfbundle; includeInIndex = 0; path = DemoApplication_MLUITests.xctest; sourceTree = BUILT_PRODUCTS_DIR; };
		4088B05729F6789600F6E1A3 /* DemoApplication_MLUITests.swift */ = {isa = PBXFileReference; lastKnownFileType = sourcecode.swift; path = DemoApplication_MLUITests.swift; sourceTree = "<group>"; };
		4088B05929F6789600F6E1A3 /* DemoApplication_MLUITestsLaunchTests.swift */ = {isa = PBXFileReference; lastKnownFileType = sourcecode.swift; path = DemoApplication_MLUITestsLaunchTests.swift; sourceTree = "<group>"; };
/* End PBXFileReference section */

/* Begin PBXFrameworksBuildPhase section */
		4088B03629F6789100F6E1A3 /* Frameworks */ = {
			isa = PBXFrameworksBuildPhase;
			buildActionMask = 2147483647;
			files = (
			);
			runOnlyForDeploymentPostprocessing = 0;
		};
		4088B04629F6789600F6E1A3 /* Frameworks */ = {
			isa = PBXFrameworksBuildPhase;
			buildActionMask = 2147483647;
			files = (
			);
			runOnlyForDeploymentPostprocessing = 0;
		};
		4088B05029F6789600F6E1A3 /* Frameworks */ = {
			isa = PBXFrameworksBuildPhase;
			buildActionMask = 2147483647;
			files = (
			);
			runOnlyForDeploymentPostprocessing = 0;
		};
/* End PBXFrameworksBuildPhase section */

/* Begin PBXGroup section */
		4088B03029F6789100F6E1A3 = {
			isa = PBXGroup;
			children = (
				4088B03B29F6789100F6E1A3 /* DemoApplication_ML */,
				4088B04C29F6789600F6E1A3 /* DemoApplication_MLTests */,
				4088B05629F6789600F6E1A3 /* DemoApplication_MLUITests */,
				4088B03A29F6789100F6E1A3 /* Products */,
			);
			sourceTree = "<group>";
		};
		4088B03A29F6789100F6E1A3 /* Products */ = {
			isa = PBXGroup;
			children = (
				4088B03929F6789100F6E1A3 /* DemoApplication_ML.app */,
				4088B04929F6789600F6E1A3 /* DemoApplication_MLTests.xctest */,
				4088B05329F6789600F6E1A3 /* DemoApplication_MLUITests.xctest */,
			);
			name = Products;
			sourceTree = "<group>";
		};
		4088B03B29F6789100F6E1A3 /* DemoApplication_ML */ = {
			isa = PBXGroup;
			children = (
				4088B03C29F6789100F6E1A3 /* DemoApplication_MLApp.swift */,
				4088B03E29F6789100F6E1A3 /* ContentView.swift */,
				4088B04029F6789500F6E1A3 /* Assets.xcassets */,
				4088B04229F6789500F6E1A3 /* Preview Content */,
			);
			path = DemoApplication_ML;
			sourceTree = "<group>";
		};
		4088B04229F6789500F6E1A3 /* Preview Content */ = {
			isa = PBXGroup;
			children = (
				4088B04329F6789500F6E1A3 /* Preview Assets.xcassets */,
			);
			path = "Preview Content";
			sourceTree = "<group>";
		};
		4088B04C29F6789600F6E1A3 /* DemoApplication_MLTests */ = {
			isa = PBXGroup;
			children = (
				4088B04D29F6789600F6E1A3 /* DemoApplication_MLTests.swift */,
			);
			path = DemoApplication_MLTests;
			sourceTree = "<group>";
		};
		4088B05629F6789600F6E1A3 /* DemoApplication_MLUITests */ = {
			isa = PBXGroup;
			children = (
				4088B05729F6789600F6E1A3 /* DemoApplication_MLUITests.swift */,
				4088B05929F6789600F6E1A3 /* DemoApplication_MLUITestsLaunchTests.swift */,
			);
			path = DemoApplication_MLUITests;
			sourceTree = "<group>";
		};
/* End PBXGroup section */

/* Begin PBXNativeTarget section */
		4088B03829F6789100F6E1A3 /* DemoApplication_ML */ = {
			isa = PBXNativeTarget;
			buildConfigurationList = 4088B05D29F6789600F6E1A3 /* Build configuration list for PBXNativeTarget "DemoApplication_ML" */;
			buildPhases = (
				4088B03529F6789100F6E1A3 /* Sources */,
				4088B03629F6789100F6E1A3 /* Frameworks */,
				4088B03729F6789100F6E1A3 /* Resources */,
			);
			buildRules = (
			);
			dependencies = (
			);
			name = DemoApplication_ML;
			productName = DemoApplication_ML;
			productReference = 4088B03929F6789100F6E1A3 /* DemoApplication_ML.app */;
			productType = "com.apple.product-type.application";
		};
		4088B04829F6789600F6E1A3 /* DemoApplication_MLTests */ = {
			isa = PBXNativeTarget;
			buildConfigurationList = 4088B06029F6789600F6E1A3 /* Build configuration list for PBXNativeTarget "DemoApplication_MLTests" */;
			buildPhases = (
				4088B04529F6789600F6E1A3 /* Sources */,
				4088B04629F6789600F6E1A3 /* Frameworks */,
				4088B04729F6789600F6E1A3 /* Resources */,
			);
			buildRules = (
			);
			dependencies = (
				4088B04B29F6789600F6E1A3 /* PBXTargetDependency */,
			);
			name = DemoApplication_MLTests;
			productName = DemoApplication_MLTests;
			productReference = 4088B04929F6789600F6E1A3 /* DemoApplication_MLTests.xctest */;
			productType = "com.apple.product-type.bundle.unit-test";
		};
		4088B05229F6789600F6E1A3 /* DemoApplication_MLUITests */ = {
			isa = PBXNativeTarget;
			buildConfigurationList = 4088B06329F6789600F6E1A3 /* Build configuration list for PBXNativeTarget "DemoApplication_MLUITests" */;
			buildPhases = (
				4088B04F29F6789600F6E1A3 /* Sources */,
				4088B05029F6789600F6E1A3 /* Frameworks */,
				4088B05129F6789600F6E1A3 /* Resources */,
			);
			buildRules = (
			);
			dependencies = (
				4088B05529F6789600F6E1A3 /* PBXTargetDependency */,
			);
			name = DemoApplication_MLUITests;
			productName = DemoApplication_MLUITests;
			productReference = 4088B05329F6789600F6E1A3 /* DemoApplication_MLUITests.xctest */;
			productType = "com.apple.product-type.bundle.ui-testing";
		};
/* End PBXNativeTarget section */

/* Begin PBXProject section */
		4088B03129F6789100F6E1A3 /* Project object */ = {
			isa = PBXProject;
			attributes = {
				BuildIndependentTargetsInParallel = 1;
				LastSwiftUpdateCheck = 1420;
				LastUpgradeCheck = 1420;
				TargetAttributes = {
					4088B03829F6789100F6E1A3 = {
						CreatedOnToolsVersion = 14.2;
					};
					4088B04829F6789600F6E1A3 = {
						CreatedOnToolsVersion = 14.2;
						TestTargetID = 4088B03829F6789100F6E1A3;
					};
					4088B05229F6789600F6E1A3 = {
						CreatedOnToolsVersion = 14.2;
						TestTargetID = 4088B03829F6789100F6E1A3;
					};
				};
			};
			buildConfigurationList = 4088B03429F6789100F6E1A3 /* Build configuration list for PBXProject "DemoApplication_ML" */;
			compatibilityVersion = "Xcode 14.0";
			developmentRegion = en;
			hasScannedForEncodings = 0;
			knownRegions = (
				en,
				Base,
			);
			mainGroup = 4088B03029F6789100F6E1A3;
			productRefGroup = 4088B03A29F6789100F6E1A3 /* Products */;
			projectDirPath = "";
			projectRoot = "";
			targets = (
				4088B03829F6789100F6E1A3 /* DemoApplication_ML */,
				4088B04829F6789600F6E1A3 /* DemoApplication_MLTests */,
				4088B05229F6789600F6E1A3 /* DemoApplication_MLUITests */,
			);
		};
/* End PBXProject section */

/* Begin PBXResourcesBuildPhase section */
		4088B03729F6789100F6E1A3 /* Resources */ = {
			isa = PBXResourcesBuildPhase;
			buildActionMask = 2147483647;
			files = (
				4088B04429F6789500F6E1A3 /* Preview Assets.xcassets in Resources */,
				4088B04129F6789500F6E1A3 /* Assets.xcassets in Resources */,
			);
			runOnlyForDeploymentPostprocessing = 0;
		};
		4088B04729F6789600F6E1A3 /* Resources */ = {
			isa = PBXResourcesBuildPhase;
			buildActionMask = 2147483647;
			files = (
			);
			runOnlyForDeploymentPostprocessing = 0;
		};
		4088B05129F6789600F6E1A3 /* Resources */ = {
			isa = PBXResourcesBuildPhase;
			buildActionMask = 2147483647;
			files = (
			);
			runOnlyForDeploymentPostprocessing = 0;
		};
/* End PBXResourcesBuildPhase section */

/* Begin PBXSourcesBuildPhase section */
		4088B03529F6789100F6E1A3 /* Sources */ = {
			isa = PBXSourcesBuildPhase;
			buildActionMask = 2147483647;
			files = (
				4088B03F29F6789100F6E1A3 /* ContentView.swift in Sources */,
				4088B03D29F6789100F6E1A3 /* DemoApplication_MLApp.swift in Sources */,
			);
			runOnlyForDeploymentPostprocessing = 0;
		};
		4088B04529F6789600F6E1A3 /* Sources */ = {
			isa = PBXSourcesBuildPhase;
			buildActionMask = 2147483647;
			files = (
				4088B04E29F6789600F6E1A3 /* DemoApplication_MLTests.swift in Sources */,
			);
			runOnlyForDeploymentPostprocessing = 0;
		};
		4088B04F29F6789600F6E1A3 /* Sources */ = {
			isa = PBXSourcesBuildPhase;
			buildActionMask = 2147483647;
			files = (
				4088B05829F6789600F6E1A3 /* DemoApplication_MLUITests.swift in Sources */,
				4088B05A29F6789600F6E1A3 /* DemoApplication_MLUITestsLaunchTests.swift in Sources */,
			);
			runOnlyForDeploymentPostprocessing = 0;
		};
/* End PBXSourcesBuildPhase section */

/* Begin PBXTargetDependency section */
		4088B04B29F6789600F6E1A3 /* PBXTargetDependency */ = {
			isa = PBXTargetDependency;
			target = 4088B03829F6789100F6E1A3 /* DemoApplication_ML */;
			targetProxy = 4088B04A29F6789600F6E1A3 /* PBXContainerItemProxy */;
		};
		4088B05529F6789600F6E1A3 /* PBXTargetDependency */ = {
			isa = PBXTargetDependency;
			target = 4088B03829F6789100F6E1A3 /* DemoApplication_ML */;
			targetProxy = 4088B05429F6789600F6E1A3 /* PBXContainerItemProxy */;
		};
/* End PBXTargetDependency section */

/* Begin XCBuildConfiguration section */
		4088B05B29F6789600F6E1A3 /* Debug */ = {
			isa = XCBuildConfiguration;
			buildSettings = {
				ALWAYS_SEARCH_USER_PATHS = NO;
				CLANG_ANALYZER_NONNULL = YES;
				CLANG_ANALYZER_NUMBER_OBJECT_CONVERSION = YES_AGGRESSIVE;
				CLANG_CXX_LANGUAGE_STANDARD = "gnu++20";
				CLANG_ENABLE_MODULES = YES;
				CLANG_ENABLE_OBJC_ARC = YES;
				CLANG_ENABLE_OBJC_WEAK = YES;
				CLANG_WARN_BLOCK_CAPTURE_AUTORELEASING = YES;
				CLANG_WARN_BOOL_CONVERSION = YES;
				CLANG_WARN_COMMA = YES;
				CLANG_WARN_CONSTANT_CONVERSION = YES;
				CLANG_WARN_DEPRECATED_OBJC_IMPLEMENTATIONS = YES;
				CLANG_WARN_DIRECT_OBJC_ISA_USAGE = YES_ERROR;
				CLANG_WARN_DOCUMENTATION_COMMENTS = YES;
				CLANG_WARN_EMPTY_BODY = YES;
				CLANG_WARN_ENUM_CONVERSION = YES;
				CLANG_WARN_INFINITE_RECURSION = YES;
				CLANG_WARN_INT_CONVERSION = YES;
				CLANG_WARN_NON_LITERAL_NULL_CONVERSION = YES;
				CLANG_WARN_OBJC_IMPLICIT_RETAIN_SELF = YES;
				CLANG_WARN_OBJC_LITERAL_CONVERSION = YES;
				CLANG_WARN_OBJC_ROOT_CLASS = YES_ERROR;
				CLANG_WARN_QUOTED_INCLUDE_IN_FRAMEWORK_HEADER = YES;
				CLANG_WARN_RANGE_LOOP_ANALYSIS = YES;
				CLANG_WARN_STRICT_PROTOTYPES = YES;
				CLANG_WARN_SUSPICIOUS_MOVE = YES;
				CLANG_WARN_UNGUARDED_AVAILABILITY = YES_AGGRESSIVE;
				CLANG_WARN_UNREACHABLE_CODE = YES;
				CLANG_WARN__DUPLICATE_METHOD_MATCH = YES;
				COPY_PHASE_STRIP = NO;
				DEBUG_INFORMATION_FORMAT = dwarf;
				ENABLE_STRICT_OBJC_MSGSEND = YES;
				ENABLE_TESTABILITY = YES;
				GCC_C_LANGUAGE_STANDARD = gnu11;
				GCC_DYNAMIC_NO_PIC = NO;
				GCC_NO_COMMON_BLOCKS = YES;
				GCC_OPTIMIZATION_LEVEL = 0;
				GCC_PREPROCESSOR_DEFINITIONS = (
					"DEBUG=1",
					"$(inherited)",
				);
				GCC_WARN_64_TO_32_BIT_CONVERSION = YES;
				GCC_WARN_ABOUT_RETURN_TYPE = YES_ERROR;
				GCC_WARN_UNDECLARED_SELECTOR = YES;
				GCC_WARN_UNINITIALIZED_AUTOS = YES_AGGRESSIVE;
				GCC_WARN_UNUSED_FUNCTION = YES;
				GCC_WARN_UNUSED_VARIABLE = YES;
				IPHONEOS_DEPLOYMENT_TARGET = 16.2;
				MTL_ENABLE_DEBUG_INFO = INCLUDE_SOURCE;
				MTL_FAST_MATH = YES;
				ONLY_ACTIVE_ARCH = YES;
				SDKROOT = iphoneos;
				SWIFT_ACTIVE_COMPILATION_CONDITIONS = DEBUG;
				SWIFT_OPTIMIZATION_LEVEL = "-Onone";
			};
			name = Debug;
		};
		4088B05C29F6789600F6E1A3 /* Release */ = {
			isa = XCBuildConfiguration;
			buildSettings = {
				ALWAYS_SEARCH_USER_PATHS = NO;
				CLANG_ANALYZER_NONNULL = YES;
				CLANG_ANALYZER_NUMBER_OBJECT_CONVERSION = YES_AGGRESSIVE;
				CLANG_CXX_LANGUAGE_STANDARD = "gnu++20";
				CLANG_ENABLE_MODULES = YES;
				CLANG_ENABLE_OBJC_ARC = YES;
				CLANG_ENABLE_OBJC_WEAK = YES;
				CLANG_WARN_BLOCK_CAPTURE_AUTORELEASING = YES;
				CLANG_WARN_BOOL_CONVERSION = YES;
				CLANG_WARN_COMMA = YES;
				CLANG_WARN_CONSTANT_CONVERSION = YES;
				CLANG_WARN_DEPRECATED_OBJC_IMPLEMENTATIONS = YES;
				CLANG_WARN_DIRECT_OBJC_ISA_USAGE = YES_ERROR;
				CLANG_WARN_DOCUMENTATION_COMMENTS = YES;
				CLANG_WARN_EMPTY_BODY = YES;
				CLANG_WARN_ENUM_CONVERSION = YES;
				CLANG_WARN_INFINITE_RECURSION = YES;
				CLANG_WARN_INT_CONVERSION = YES;
				CLANG_WARN_NON_LITERAL_NULL_CONVERSION = YES;
				CLANG_WARN_OBJC_IMPLICIT_RETAIN_SELF = YES;
				CLANG_WARN_OBJC_LITERAL_CONVERSION = YES;
				CLANG_WARN_OBJC_ROOT_CLASS = YES_ERROR;
				CLANG_WARN_QUOTED_INCLUDE_IN_FRAMEWORK_HEADER = YES;
				CLANG_WARN_RANGE_LOOP_ANALYSIS = YES;
				CLANG_WARN_STRICT_PROTOTYPES = YES;
				CLANG_WARN_SUSPICIOUS_MOVE = YES;
				CLANG_WARN_UNGUARDED_AVAILABILITY = YES_AGGRESSIVE;
				CLANG_WARN_UNREACHABLE_CODE = YES;
				CLANG_WARN__DUPLICATE_METHOD_MATCH = YES;
				COPY_PHASE_STRIP = NO;
				DEBUG_INFORMATION_FORMAT = "dwarf-with-dsym";
				ENABLE_NS_ASSERTIONS = NO;
				ENABLE_STRICT_OBJC_MSGSEND = YES;
				GCC_C_LANGUAGE_STANDARD = gnu11;
				GCC_NO_COMMON_BLOCKS = YES;
				GCC_WARN_64_TO_32_BIT_CONVERSION = YES;
				GCC_WARN_ABOUT_RETURN_TYPE = YES_ERROR;
				GCC_WARN_UNDECLARED_SELECTOR = YES;
				GCC_WARN_UNINITIALIZED_AUTOS = YES_AGGRESSIVE;
				GCC_WARN_UNUSED_FUNCTION = YES;
				GCC_WARN_UNUSED_VARIABLE = YES;
				IPHONEOS_DEPLOYMENT_TARGET = 16.2;
				MTL_ENABLE_DEBUG_INFO = NO;
				MTL_FAST_MATH = YES;
				SDKROOT = iphoneos;
				SWIFT_COMPILATION_MODE = wholemodule;
				SWIFT_OPTIMIZATION_LEVEL = "-O";
				VALIDATE_PRODUCT = YES;
			};
			name = Release;
		};
		4088B05E29F6789600F6E1A3 /* Debug */ = {
			isa = XCBuildConfiguration;
			buildSettings = {
				ASSETCATALOG_COMPILER_APPICON_NAME = AppIcon;
				ASSETCATALOG_COMPILER_GLOBAL_ACCENT_COLOR_NAME = AccentColor;
				CODE_SIGN_STYLE = Automatic;
				CURRENT_PROJECT_VERSION = 1;
				DEVELOPMENT_ASSET_PATHS = "\"DemoApplication_ML/Preview Content\"";
				DEVELOPMENT_TEAM = WXA74GV5H2;
				ENABLE_PREVIEWS = YES;
				GENERATE_INFOPLIST_FILE = YES;
				INFOPLIST_KEY_UIApplicationSceneManifest_Generation = YES;
				INFOPLIST_KEY_UIApplicationSupportsIndirectInputEvents = YES;
				INFOPLIST_KEY_UILaunchScreen_Generation = YES;
				INFOPLIST_KEY_UISupportedInterfaceOrientations_iPad = "UIInterfaceOrientationPortrait UIInterfaceOrientationPortraitUpsideDown UIInterfaceOrientationLandscapeLeft UIInterfaceOrientationLandscapeRight";
				INFOPLIST_KEY_UISupportedInterfaceOrientations_iPhone = "UIInterfaceOrientationPortrait UIInterfaceOrientationLandscapeLeft UIInterfaceOrientationLandscapeRight";
				LD_RUNPATH_SEARCH_PATHS = (
					"$(inherited)",
					"@executable_path/Frameworks",
				);
				MARKETING_VERSION = 1.0;
				PRODUCT_BUNDLE_IDENTIFIER = "AarishKhanna.DemoApplication-ML";
				PRODUCT_NAME = "$(TARGET_NAME)";
				SWIFT_EMIT_LOC_STRINGS = YES;
				SWIFT_VERSION = 5.0;
				TARGETED_DEVICE_FAMILY = "1,2";
			};
			name = Debug;
		};
		4088B05F29F6789600F6E1A3 /* Release */ = {
			isa = XCBuildConfiguration;
			buildSettings = {
				ASSETCATALOG_COMPILER_APPICON_NAME = AppIcon;
				ASSETCATALOG_COMPILER_GLOBAL_ACCENT_COLOR_NAME = AccentColor;
				CODE_SIGN_STYLE = Automatic;
				CURRENT_PROJECT_VERSION = 1;
				DEVELOPMENT_ASSET_PATHS = "\"DemoApplication_ML/Preview Content\"";
				DEVELOPMENT_TEAM = WXA74GV5H2;
				ENABLE_PREVIEWS = YES;
				GENERATE_INFOPLIST_FILE = YES;
				INFOPLIST_KEY_UIApplicationSceneManifest_Generation = YES;
				INFOPLIST_KEY_UIApplicationSupportsIndirectInputEvents = YES;
				INFOPLIST_KEY_UILaunchScreen_Generation = YES;
				INFOPLIST_KEY_UISupportedInterfaceOrientations_iPad = "UIInterfaceOrientationPortrait UIInterfaceOrientationPortraitUpsideDown UIInterfaceOrientationLandscapeLeft UIInterfaceOrientationLandscapeRight";
				INFOPLIST_KEY_UISupportedInterfaceOrientations_iPhone = "UIInterfaceOrientationPortrait UIInterfaceOrientationLandscapeLeft UIInterfaceOrientationLandscapeRight";
				LD_RUNPATH_SEARCH_PATHS = (
					"$(inherited)",
					"@executable_path/Frameworks",
				);
				MARKETING_VERSION = 1.0;
				PRODUCT_BUNDLE_IDENTIFIER = "AarishKhanna.DemoApplication-ML";
				PRODUCT_NAME = "$(TARGET_NAME)";
				SWIFT_EMIT_LOC_STRINGS = YES;
				SWIFT_VERSION = 5.0;
				TARGETED_DEVICE_FAMILY = "1,2";
			};
			name = Release;
		};
		4088B06129F6789600F6E1A3 /* Debug */ = {
			isa = XCBuildConfiguration;
			buildSettings = {
				ALWAYS_EMBED_SWIFT_STANDARD_LIBRARIES = YES;
				BUNDLE_LOADER = "$(TEST_HOST)";
				CODE_SIGN_STYLE = Automatic;
				CURRENT_PROJECT_VERSION = 1;
				DEVELOPMENT_TEAM = WXA74GV5H2;
				GENERATE_INFOPLIST_FILE = YES;
				IPHONEOS_DEPLOYMENT_TARGET = 16.2;
				MARKETING_VERSION = 1.0;
				PRODUCT_BUNDLE_IDENTIFIER = "AarishKhanna.DemoApplication-MLTests";
				PRODUCT_NAME = "$(TARGET_NAME)";
				SWIFT_EMIT_LOC_STRINGS = NO;
				SWIFT_VERSION = 5.0;
				TARGETED_DEVICE_FAMILY = "1,2";
				TEST_HOST = "$(BUILT_PRODUCTS_DIR)/DemoApplication_ML.app/$(BUNDLE_EXECUTABLE_FOLDER_PATH)/DemoApplication_ML";
			};
			name = Debug;
		};
		4088B06229F6789600F6E1A3 /* Release */ = {
			isa = XCBuildConfiguration;
			buildSettings = {
				ALWAYS_EMBED_SWIFT_STANDARD_LIBRARIES = YES;
				BUNDLE_LOADER = "$(TEST_HOST)";
				CODE_SIGN_STYLE = Automatic;
				CURRENT_PROJECT_VERSION = 1;
				DEVELOPMENT_TEAM = WXA74GV5H2;
				GENERATE_INFOPLIST_FILE = YES;
				IPHONEOS_DEPLOYMENT_TARGET = 16.2;
				MARKETING_VERSION = 1.0;
				PRODUCT_BUNDLE_IDENTIFIER = "AarishKhanna.DemoApplication-MLTests";
				PRODUCT_NAME = "$(TARGET_NAME)";
				SWIFT_EMIT_LOC_STRINGS = NO;
				SWIFT_VERSION = 5.0;
				TARGETED_DEVICE_FAMILY = "1,2";
				TEST_HOST = "$(BUILT_PRODUCTS_DIR)/DemoApplication_ML.app/$(BUNDLE_EXECUTABLE_FOLDER_PATH)/DemoApplication_ML";
			};
			name = Release;
		};
		4088B06429F6789600F6E1A3 /* Debug */ = {
			isa = XCBuildConfiguration;
			buildSettings = {
				ALWAYS_EMBED_SWIFT_STANDARD_LIBRARIES = YES;
				CODE_SIGN_STYLE = Automatic;
				CURRENT_PROJECT_VERSION = 1;
				DEVELOPMENT_TEAM = WXA74GV5H2;
				GENERATE_INFOPLIST_FILE = YES;
				MARKETING_VERSION = 1.0;
				PRODUCT_BUNDLE_IDENTIFIER = "AarishKhanna.DemoApplication-MLUITests";
				PRODUCT_NAME = "$(TARGET_NAME)";
				SWIFT_EMIT_LOC_STRINGS = NO;
				SWIFT_VERSION = 5.0;
				TARGETED_DEVICE_FAMILY = "1,2";
				TEST_TARGET_NAME = DemoApplication_ML;
			};
			name = Debug;
		};
		4088B06529F6789600F6E1A3 /* Release */ = {
			isa = XCBuildConfiguration;
			buildSettings = {
				ALWAYS_EMBED_SWIFT_STANDARD_LIBRARIES = YES;
				CODE_SIGN_STYLE = Automatic;
				CURRENT_PROJECT_VERSION = 1;
				DEVELOPMENT_TEAM = WXA74GV5H2;
				GENERATE_INFOPLIST_FILE = YES;
				MARKETING_VERSION = 1.0;
				PRODUCT_BUNDLE_IDENTIFIER = "AarishKhanna.DemoApplication-MLUITests";
				PRODUCT_NAME = "$(TARGET_NAME)";
				SWIFT_EMIT_LOC_STRINGS = NO;
				SWIFT_VERSION = 5.0;
				TARGETED_DEVICE_FAMILY = "1,2";
				TEST_TARGET_NAME = DemoApplication_ML;
			};
			name = Release;
		};
/* End XCBuildConfiguration section */

/* Begin XCConfigurationList section */
		4088B03429F6789100F6E1A3 /* Build configuration list for PBXProject "DemoApplication_ML" */ = {
			isa = XCConfigurationList;
			buildConfigurations = (
				4088B05B29F6789600F6E1A3 /* Debug */,
				4088B05C29F6789600F6E1A3 /* Release */,
			);
			defaultConfigurationIsVisible = 0;
			defaultConfigurationName = Release;
		};
		4088B05D29F6789600F6E1A3 /* Build configuration list for PBXNativeTarget "DemoApplication_ML" */ = {
			isa = XCConfigurationList;
			buildConfigurations = (
				4088B05E29F6789600F6E1A3 /* Debug */,
				4088B05F29F6789600F6E1A3 /* Release */,
			);
			defaultConfigurationIsVisible = 0;
			defaultConfigurationName = Release;
		};
		4088B06029F6789600F6E1A3 /* Build configuration list for PBXNativeTarget "DemoApplication_MLTests" */ = {
			isa = XCConfigurationList;
			buildConfigurations = (
				4088B06129F6789600F6E1A3 /* Debug */,
				4088B06229F6789600F6E1A3 /* Release */,
			);
			defaultConfigurationIsVisible = 0;
			defaultConfigurationName = Release;
		};
		4088B06329F6789600F6E1A3 /* Build configuration list for PBXNativeTarget "DemoApplication_MLUITests" */ = {
			isa = XCConfigurationList;
			buildConfigurations = (
				4088B06429F6789600F6E1A3 /* Debug */,
				4088B06529F6789600F6E1A3 /* Release */,
			);
			defaultConfigurationIsVisible = 0;
			defaultConfigurationName = Release;
		};
/* End XCConfigurationList section */
	};
	rootObject = 4088B03129F6789100F6E1A3 /* Project object */;
}
